
Microsoft Visual Studio Solution File, Format Version 12.00
# Visual Studio 2013
VisualStudioVersion = 12.0.21005.1
MinimumVisualStudioVersion = 10.0.40219.1
Project("{FAE04EC0-301F-11D3-BF4B-00C04F79EFBC}") = "MonsterHotel", "MonsterHotel\MonsterHotel.csproj", "{6544E720-BBD7-4271-AF3B-30FF3F603F32}"
EndProject
Project("{FAE04EC0-301F-11D3-BF4B-00C04F79EFBC}") = "MonsterHotel.UnitTest", "MonsterHotel.UnitTest\MonsterHotel.UnitTest.csproj", "{0E9406A5-C6D1-40B9-8AE0-1D39C47A4A7B}"
EndProject
Global
	GlobalSection(SolutionConfigurationPlatforms) = preSolution
		Debug|Any CPU = Debug|Any CPU
		Release|Any CPU = Release|Any CPU
	EndGlobalSection
	GlobalSection(ProjectConfigurationPlatforms) = postSolution
		{6544E720-BBD7-4271-AF3B-30FF3F603F32}.Debug|Any CPU.ActiveCfg = Debug|Any CPU
		{6544E720-BBD7-4271-AF3B-30FF3F603F32}.Debug|Any CPU.Build.0 = Debug|Any CPU
		{6544E720-BBD7-4271-AF3B-30FF3F603F32}.Release|Any CPU.ActiveCfg = Release|Any CPU
		{6544E720-BBD7-4271-AF3B-30FF3F603F32}.Release|Any CPU.Build.0 = Release|Any CPU
		{0E9406A5-C6D1-40B9-8AE0-1D39C47A4A7B}.Debug|Any CPU.ActiveCfg = Debug|Any CPU
		{0E9406A5-C6D1-40B9-8AE0-1D39C47A4A7B}.Debug|Any CPU.Build.0 = Debug|Any CPU
		{0E9406A5-C6D1-40B9-8AE0-1D39C47A4A7B}.Release|Any CPU.ActiveCfg = Release|Any CPU
		{0E9406A5-C6D1-40B9-8AE0-1D39C47A4A7B}.Release|Any CPU.Build.0 = Release|Any CPU
	EndGlobalSection
	GlobalSection(SolutionProperties) = preSolution
		HideSolutionNode = FALSE
	EndGlobalSection
EndGlobal
